
Microsoft Visual Studio Solution File, Format Version 12.00
# Visual Studio Version 17
VisualStudioVersion = 17.9.34622.214
MinimumVisualStudioVersion = 10.0.40219.1
Project("{FAE04EC0-301F-11D3-BF4B-00C04F79EFBC}") = "EmsAdminApp", "EmsAdminApp.csproj", "{8D63906F-899F-408C-BFD9-FBD8CBE7FF4C}"
EndProject
Global
	GlobalSection(SolutionConfigurationPlatforms) = preSolution
		Debug|Any CPU = Debug|Any CPU
		Release|Any CPU = Release|Any CPU
	EndGlobalSection
	GlobalSection(ProjectConfigurationPlatforms) = postSolution
		{8D63906F-899F-408C-BFD9-FBD8CBE7FF4C}.Debug|Any CPU.ActiveCfg = Debug|Any CPU
		{8D63906F-899F-408C-BFD9-FBD8CBE7FF4C}.Debug|Any CPU.Build.0 = Debug|Any CPU
		{8D63906F-899F-408C-BFD9-FBD8CBE7FF4C}.Release|Any CPU.ActiveCfg = Release|Any CPU
		{8D63906F-899F-408C-BFD9-FBD8CBE7FF4C}.Release|Any CPU.Build.0 = Release|Any CPU
	EndGlobalSection
	GlobalSection(SolutionProperties) = preSolution
		HideSolutionNode = FALSE
	EndGlobalSection
	GlobalSection(ExtensibilityGlobals) = postSolution
		SolutionGuid = {4E2F6E39-C592-41AF-9B3A-8353D141AC9F}
	EndGlobalSection
EndGlobal
